{
  "name": "swagger-ui-aws-apigateway",
  "version": "1.0.1",
  "lockfileVersion": 1,
  "requires": true,
  "dependencies": {
    "fs": {
      "version": "0.0.1-security",
      "resolved": "https://registry.npmjs.org/fs/-/fs-0.0.1-security.tgz",
      "integrity": "sha512-3XY9e1pP0CVEUCdj5BmfIZxRBTSDycnbqhIOGec9QYtmVH2fbLpj86CFWkrNOkt/Fvty4KZG5lTglL9j/gJ87w=="
    },
    "swagger-ui-dist": {
      "version": "4.11.1",
      "resolved": "https://registry.npmjs.org/swagger-ui-dist/-/swagger-ui-dist-4.11.1.tgz",
      "integrity": "sha512-pf3kfSTYdF9mYFY2VnfJ51wnXlSVhEGdtymhpHzfbFw2jTbiEWgBoVz5EB9aW2EaJvUGTM1YHAXYZX7Jk4RdAQ=="
    }
  }
}
